
Microsoft Visual Studio Solution File, Format Version 12.00
Project("{FAE04EC0-301F-11D3-BF4B-00C04F79EFBC}") = "PCAN-Mac", "PCAN-Mac\PCAN-Mac.csproj", "{61AA92A4-2257-49C2-B5FA-CF49800373EB}"
EndProject
Global
	GlobalSection(SolutionConfigurationPlatforms) = preSolution
		Debug|Any CPU = Debug|Any CPU
		Release|Any CPU = Release|Any CPU
	EndGlobalSection
	GlobalSection(ProjectConfigurationPlatforms) = postSolution
		{61AA92A4-2257-49C2-B5FA-CF49800373EB}.Debug|Any CPU.ActiveCfg = Debug|Any CPU
		{61AA92A4-2257-49C2-B5FA-CF49800373EB}.Debug|Any CPU.Build.0 = Debug|Any CPU
		{61AA92A4-2257-49C2-B5FA-CF49800373EB}.Release|Any CPU.ActiveCfg = Release|Any CPU
		{61AA92A4-2257-49C2-B5FA-CF49800373EB}.Release|Any CPU.Build.0 = Release|Any CPU
	EndGlobalSection
EndGlobal
